
Microsoft Visual Studio Solution File, Format Version 12.00
# Visual Studio Version 16
VisualStudioVersion = 16.0.28803.202
MinimumVisualStudioVersion = 10.0.40219.1
Project("{9A19103F-16F7-4668-BE54-9A1E7A4F7556}") = "MappingGenerator", "MappingGenerator\MappingGenerator\MappingGenerator.csproj", "{0C4641A8-C31D-4317-B099-ABD40115B5B2}"
EndProject
Project("{9A19103F-16F7-4668-BE54-9A1E7A4F7556}") = "MappingGenerator.Test", "MappingGenerator\MappingGenerator.Test\MappingGenerator.Test.csproj", "{56A1DED8-DC1E-4B62-9D86-CE20EC30655C}"
EndProject
Project("{FAE04EC0-301F-11D3-BF4B-00C04F79EFBC}") = "MappingGenerator.Vsix", "MappingGenerator\MappingGenerator.Vsix\MappingGenerator.Vsix.csproj", "{D8BF5CFC-E3F0-4D2A-8131-508023BD0A30}"
EndProject
Global
	GlobalSection(SolutionConfigurationPlatforms) = preSolution
		Debug|Any CPU = Debug|Any CPU
		Release|Any CPU = Release|Any CPU
	EndGlobalSection
	GlobalSection(ProjectConfigurationPlatforms) = postSolution
		{0C4641A8-C31D-4317-B099-ABD40115B5B2}.Debug|Any CPU.ActiveCfg = Debug|Any CPU
		{0C4641A8-C31D-4317-B099-ABD40115B5B2}.Debug|Any CPU.Build.0 = Debug|Any CPU
		{0C4641A8-C31D-4317-B099-ABD40115B5B2}.Release|Any CPU.ActiveCfg = Release|Any CPU
		{0C4641A8-C31D-4317-B099-ABD40115B5B2}.Release|Any CPU.Build.0 = Release|Any CPU
		{56A1DED8-DC1E-4B62-9D86-CE20EC30655C}.Debug|Any CPU.ActiveCfg = Debug|Any CPU
		{56A1DED8-DC1E-4B62-9D86-CE20EC30655C}.Debug|Any CPU.Build.0 = Debug|Any CPU
		{56A1DED8-DC1E-4B62-9D86-CE20EC30655C}.Release|Any CPU.ActiveCfg = Release|Any CPU
		{56A1DED8-DC1E-4B62-9D86-CE20EC30655C}.Release|Any CPU.Build.0 = Release|Any CPU
		{D8BF5CFC-E3F0-4D2A-8131-508023BD0A30}.Debug|Any CPU.ActiveCfg = Debug|Any CPU
		{D8BF5CFC-E3F0-4D2A-8131-508023BD0A30}.Debug|Any CPU.Build.0 = Debug|Any CPU
		{D8BF5CFC-E3F0-4D2A-8131-508023BD0A30}.Release|Any CPU.ActiveCfg = Release|Any CPU
		{D8BF5CFC-E3F0-4D2A-8131-508023BD0A30}.Release|Any CPU.Build.0 = Release|Any CPU
	EndGlobalSection
	GlobalSection(SolutionProperties) = preSolution
		HideSolutionNode = FALSE
	EndGlobalSection
	GlobalSection(ExtensibilityGlobals) = postSolution
		SolutionGuid = {BD268AE2-D06E-451B-B8D3-AA6A2432A826}
	EndGlobalSection
EndGlobal
